PODS:
  - esp_provisioning_softap (1.0.0):
    - Flutter
  - Flutter (1.0.0)

DEPENDENCIES:
  - esp_provisioning_softap (from `.symlinks/plugins/esp_provisioning_softap/ios`)
  - Flutter (from `Flutter`)

EXTERNAL SOURCES:
  esp_provisioning_softap:
    :path: ".symlinks/plugins/esp_provisioning_softap/ios"
  Flutter:
    :path: Flutter

SPEC CHECKSUMS:
  esp_provisioning_softap: ac1e2e39371dc1660bd1dcd5df836aac0fbeaa63
  Flutter: cabc95a1d2626b1b06e7179b784ebcf0c0cde467

PODFILE CHECKSUM: 251cb053df7158f337c0712f2ab29f4e0fa474ce

COCOAPODS: 1.16.2
